
Microsoft Visual Studio Solution File, Format Version 12.00
# Visual Studio Version 17
VisualStudioVersion = 17.8.34330.188
MinimumVisualStudioVersion = 10.0.40219.1
Project("{FAE04EC0-301F-11D3-BF4B-00C04F79EFBC}") = "SudokuSolver", "SudokuSolver\SudokuSolver.csproj", "{207EC39D-7160-4D91-BE82-738CCE27588A}"
EndProject
Global
	GlobalSection(SolutionConfigurationPlatforms) = preSolution
		Debug|Any CPU = Debug|Any CPU
		Release|Any CPU = Release|Any CPU
	EndGlobalSection
	GlobalSection(ProjectConfigurationPlatforms) = postSolution
		{207EC39D-7160-4D91-BE82-738CCE27588A}.Debug|Any CPU.ActiveCfg = Debug|Any CPU
		{207EC39D-7160-4D91-BE82-738CCE27588A}.Debug|Any CPU.Build.0 = Debug|Any CPU
		{207EC39D-7160-4D91-BE82-738CCE27588A}.Release|Any CPU.ActiveCfg = Release|Any CPU
		{207EC39D-7160-4D91-BE82-738CCE27588A}.Release|Any CPU.Build.0 = Release|Any CPU
	EndGlobalSection
	GlobalSection(SolutionProperties) = preSolution
		HideSolutionNode = FALSE
	EndGlobalSection
	GlobalSection(ExtensibilityGlobals) = postSolution
		SolutionGuid = {91F37B55-3066-46A8-AF8D-0562C1621528}
	EndGlobalSection
EndGlobal
